
Microsoft Visual Studio Solution File, Format Version 12.00
# Visual Studio Version 16
VisualStudioVersion = 16.0.31624.102
MinimumVisualStudioVersion = 10.0.40219.1
Project("{FAE04EC0-301F-11D3-BF4B-00C04F79EFBC}") = "Xadrez-Console", "Xadrez-Console.csproj", "{610BC34E-59BC-4024-BDA6-9A91AF227BF0}"
EndProject
Global
	GlobalSection(SolutionConfigurationPlatforms) = preSolution
		Debug|Any CPU = Debug|Any CPU
		Release|Any CPU = Release|Any CPU
	EndGlobalSection
	GlobalSection(ProjectConfigurationPlatforms) = postSolution
		{610BC34E-59BC-4024-BDA6-9A91AF227BF0}.Debug|Any CPU.ActiveCfg = Debug|Any CPU
		{610BC34E-59BC-4024-BDA6-9A91AF227BF0}.Debug|Any CPU.Build.0 = Debug|Any CPU
		{610BC34E-59BC-4024-BDA6-9A91AF227BF0}.Release|Any CPU.ActiveCfg = Release|Any CPU
		{610BC34E-59BC-4024-BDA6-9A91AF227BF0}.Release|Any CPU.Build.0 = Release|Any CPU
	EndGlobalSection
	GlobalSection(SolutionProperties) = preSolution
		HideSolutionNode = FALSE
	EndGlobalSection
	GlobalSection(ExtensibilityGlobals) = postSolution
		SolutionGuid = {70F4015B-E1E7-46A8-96DF-61CBDDA07254}
	EndGlobalSection
EndGlobal
